# This file is automatically @generated by Poetry 1.8.3 and should not be changed by hand.

[[package]]
name = "asgiref"
version = "3.8.1"
description = "ASGI specs, helper code, and adapters"
optional = false
python-versions = ">=3.8"
files = [
    {file = "asgiref-3.8.1-py3-none-any.whl", hash = "sha256:3e1e3ecc849832fe52ccf2cb6686b7a55f82bb1d6aee72a58826471390335e47"},
    {file = "asgiref-3.8.1.tar.gz", hash = "sha256:c343bd80a0bec947a9860adb4c432ffa7db769836c64238fc34bdc3fec84d590"},
]

[package.extras]
tests = ["mypy (>=0.800)", "pytest", "pytest-asyncio"]

[[package]]
name = "black"
version = "24.4.2"
description = "The uncompromising code formatter."
optional = false
python-versions = ">=3.8"
files = [
    {file = "black-24.4.2-cp310-cp310-macosx_10_9_x86_64.whl", hash = "sha256:dd1b5a14e417189db4c7b64a6540f31730713d173f0b63e55fabd52d61d8fdce"},
    {file = "black-24.4.2-cp310-cp310-macosx_11_0_arm64.whl", hash = "sha256:8e537d281831ad0e71007dcdcbe50a71470b978c453fa41ce77186bbe0ed6021"},
    {file = "black-24.4.2-cp310-cp310-manylinux_2_17_x86_64.manylinux2014_x86_64.whl", hash = "sha256:eaea3008c281f1038edb473c1aa8ed8143a5535ff18f978a318f10302b254063"},
    {file = "black-24.4.2-cp310-cp310-win_amd64.whl", hash = "sha256:7768a0dbf16a39aa5e9a3ded568bb545c8c2727396d063bbaf847df05b08cd96"},
    {file = "black-24.4.2-cp311-cp311-macosx_10_9_x86_64.whl", hash = "sha256:257d724c2c9b1660f353b36c802ccece186a30accc7742c176d29c146df6e474"},
    {file = "black-24.4.2-cp311-cp311-macosx_11_0_arm64.whl", hash = "sha256:bdde6f877a18f24844e381d45e9947a49e97933573ac9d4345399be37621e26c"},
    {file = "black-24.4.2-cp311-cp311-manylinux_2_17_x86_64.manylinux2014_x86_64.whl", hash = "sha256:e151054aa00bad1f4e1f04919542885f89f5f7d086b8a59e5000e6c616896ffb"},
    {file = "black-24.4.2-cp311-cp311-win_amd64.whl", hash = "sha256:7e122b1c4fb252fd85df3ca93578732b4749d9be076593076ef4d07a0233c3e1"},
    {file = "black-24.4.2-cp312-cp312-macosx_10_9_x86_64.whl", hash = "sha256:accf49e151c8ed2c0cdc528691838afd217c50412534e876a19270fea1e28e2d"},
    {file = "black-24.4.2-cp312-cp312-macosx_11_0_arm64.whl", hash = "sha256:88c57dc656038f1ab9f92b3eb5335ee9b021412feaa46330d5eba4e51fe49b04"},
    {file = "black-24.4.2-cp312-cp312-manylinux_2_17_x86_64.manylinux2014_x86_64.whl", hash = "sha256:be8bef99eb46d5021bf053114442914baeb3649a89dc5f3a555c88737e5e98fc"},
    {file = "black-24.4.2-cp312-cp312-win_amd64.whl", hash = "sha256:415e686e87dbbe6f4cd5ef0fbf764af7b89f9057b97c908742b6008cc554b9c0"},
    {file = "black-24.4.2-cp38-cp38-macosx_10_9_x86_64.whl", hash = "sha256:bf10f7310db693bb62692609b397e8d67257c55f949abde4c67f9cc574492cc7"},
    {file = "black-24.4.2-cp38-cp38-macosx_11_0_arm64.whl", hash = "sha256:98e123f1d5cfd42f886624d84464f7756f60ff6eab89ae845210631714f6db94"},
    {file = "black-24.4.2-cp38-cp38-manylinux_2_17_x86_64.manylinux2014_x86_64.whl", hash = "sha256:48a85f2cb5e6799a9ef05347b476cce6c182d6c71ee36925a6c194d074336ef8"},
    {file = "black-24.4.2-cp38-cp38-win_amd64.whl", hash = "sha256:b1530ae42e9d6d5b670a34db49a94115a64596bc77710b1d05e9801e62ca0a7c"},
    {file = "black-24.4.2-cp39-cp39-macosx_10_9_x86_64.whl", hash = "sha256:37aae07b029fa0174d39daf02748b379399b909652a806e5708199bd93899da1"},
    {file = "black-24.4.2-cp39-cp39-macosx_11_0_arm64.whl", hash = "sha256:da33a1a5e49c4122ccdfd56cd021ff1ebc4a1ec4e2d01594fef9b6f267a9e741"},
    {file = "black-24.4.2-cp39-cp39-manylinux_2_17_x86_64.manylinux2014_x86_64.whl", hash = "sha256:ef703f83fc32e131e9bcc0a5094cfe85599e7109f896fe8bc96cc402f3eb4b6e"},
    {file = "black-24.4.2-cp39-cp39-win_amd64.whl", hash = "sha256:b9176b9832e84308818a99a561e90aa479e73c523b3f77afd07913380ae2eab7"},
    {file = "black-24.4.2-py3-none-any.whl", hash = "sha256:d36ed1124bb81b32f8614555b34cc4259c3fbc7eec17870e8ff8ded335b58d8c"},
    {file = "black-24.4.2.tar.gz", hash = "sha256:c872b53057f000085da66a19c55d68f6f8ddcac2642392ad3a355878406fbd4d"},
]

[package.dependencies]
click = ">=8.0.0"
mypy-extensions = ">=0.4.3"
packaging = ">=22.0"
pathspec = ">=0.9.0"
platformdirs = ">=2"

[package.extras]
colorama = ["colorama (>=0.4.3)"]
d = ["aiohttp (>=3.7.4)", "aiohttp (>=3.7.4,!=3.9.0)"]
jupyter = ["ipython (>=7.8.0)", "tokenize-rt (>=3.2.0)"]
uvloop = ["uvloop (>=0.15.2)"]

[[package]]
name = "click"
version = "8.1.7"
description = "Composable command line interface toolkit"
optional = false
python-versions = ">=3.7"
files = [
    {file = "click-8.1.7-py3-none-any.whl", hash = "sha256:ae74fb96c20a0277a1d615f1e4d73c8414f5a98db8b799a7931d1582f3390c28"},
    {file = "click-8.1.7.tar.gz", hash = "sha256:ca9853ad459e787e2192211578cc907e7594e294c7ccc834310722b41b9ca6de"},
]

[package.dependencies]
colorama = {version = "*", markers = "platform_system == \"Windows\""}

[[package]]
name = "colorama"
version = "0.4.6"
description = "Cross-platform colored terminal text."
optional = false
python-versions = "!=3.0.*,!=3.1.*,!=3.2.*,!=3.3.*,!=3.4.*,!=3.5.*,!=3.6.*,>=2.7"
files = [
    {file = "colorama-0.4.6-py2.py3-none-any.whl", hash = "sha256:4f1d9991f5acc0ca119f9d443620b77f9d6b33703e51011c16baf57afb285fc6"},
    {file = "colorama-0.4.6.tar.gz", hash = "sha256:08695f5cb7ed6e0531a20572697297273c47b8cae5a63ffc6d6ed5c201be6e44"},
]

[[package]]
name = "django"
version = "5.0.7"
description = "A high-level Python web framework that encourages rapid development and clean, pragmatic design."
optional = false
python-versions = ">=3.10"
files = [
    {file = "Django-5.0.7-py3-none-any.whl", hash = "sha256:f216510ace3de5de01329463a315a629f33480e893a9024fc93d8c32c22913da"},
    {file = "Django-5.0.7.tar.gz", hash = "sha256:bd4505cae0b9bd642313e8fb71810893df5dc2ffcacaa67a33af2d5cd61888f2"},
]

[package.dependencies]
asgiref = ">=3.7.0,<4"
sqlparse = ">=0.3.1"
tzdata = {version = "*", markers = "sys_platform == \"win32\""}

[package.extras]
argon2 = ["argon2-cffi (>=19.1.0)"]
bcrypt = ["bcrypt"]

[[package]]
name = "django-environ"
version = "0.11.2"
description = "A package that allows you to utilize 12factor inspired environment variables to configure your Django application."
optional = false
python-versions = ">=3.6,<4"
files = [
    {file = "django-environ-0.11.2.tar.gz", hash = "sha256:f32a87aa0899894c27d4e1776fa6b477e8164ed7f6b3e410a62a6d72caaf64be"},
    {file = "django_environ-0.11.2-py2.py3-none-any.whl", hash = "sha256:0ff95ab4344bfeff693836aa978e6840abef2e2f1145adff7735892711590c05"},
]

[package.extras]
develop = ["coverage[toml] (>=5.0a4)", "furo (>=2021.8.17b43,<2021.9.dev0)", "pytest (>=4.6.11)", "sphinx (>=3.5.0)", "sphinx-notfound-page"]
docs = ["furo (>=2021.8.17b43,<2021.9.dev0)", "sphinx (>=3.5.0)", "sphinx-notfound-page"]
testing = ["coverage[toml] (>=5.0a4)", "pytest (>=4.6.11)"]

[[package]]
name = "markdown2"
version = "2.4.13"
description = "A fast and complete Python implementation of Markdown"
optional = false
python-versions = ">=3.5, <4"
files = [
    {file = "markdown2-2.4.13-py2.py3-none-any.whl", hash = "sha256:855bde5cbcceb9beda7c80efdf7f406c23e6079172c497fcfce22fdce998e892"},
    {file = "markdown2-2.4.13.tar.gz", hash = "sha256:18ceb56590da77f2c22382e55be48c15b3c8f0c71d6398def387275e6c347a9f"},
]

[package.dependencies]
pygments = {version = ">=2.7.3", optional = true, markers = "extra == \"all\""}
wavedrom = {version = "*", optional = true, markers = "python_version >= \"3.7\" and extra == \"all\""}

[package.extras]
all = ["pygments (>=2.7.3)", "wavedrom"]
code-syntax-highlighting = ["pygments (>=2.7.3)"]
wavedrom = ["wavedrom"]

[[package]]
name = "mypy-extensions"
version = "1.0.0"
description = "Type system extensions for programs checked with the mypy type checker."
optional = false
python-versions = ">=3.5"
files = [
    {file = "mypy_extensions-1.0.0-py3-none-any.whl", hash = "sha256:4392f6c0eb8a5668a69e23d168ffa70f0be9ccfd32b5cc2d26a34ae5b844552d"},
    {file = "mypy_extensions-1.0.0.tar.gz", hash = "sha256:75dbf8955dc00442a438fc4d0666508a9a97b6bd41aa2f0ffe9d2f2725af0782"},
]

[[package]]
name = "packaging"
version = "24.1"
description = "Core utilities for Python packages"
optional = false
python-versions = ">=3.8"
files = [
    {file = "packaging-24.1-py3-none-any.whl", hash = "sha256:5b8f2217dbdbd2f7f384c41c628544e6d52f2d0f53c6d0c3ea61aa5d1d7ff124"},
    {file = "packaging-24.1.tar.gz", hash = "sha256:026ed72c8ed3fcce5bf8950572258698927fd1dbda10a5e981cdf0ac37f4f002"},
]

[[package]]
name = "pastel"
version = "0.2.1"
description = "Bring colors to your terminal."
optional = false
python-versions = ">=2.7, !=3.0.*, !=3.1.*, !=3.2.*, !=3.3.*"
files = [
    {file = "pastel-0.2.1-py2.py3-none-any.whl", hash = "sha256:4349225fcdf6c2bb34d483e523475de5bb04a5c10ef711263452cb37d7dd4364"},
    {file = "pastel-0.2.1.tar.gz", hash = "sha256:e6581ac04e973cac858828c6202c1e1e81fee1dc7de7683f3e1ffe0bfd8a573d"},
]

[[package]]
name = "pathspec"
version = "0.12.1"
description = "Utility library for gitignore style pattern matching of file paths."
optional = false
python-versions = ">=3.8"
files = [
    {file = "pathspec-0.12.1-py3-none-any.whl", hash = "sha256:a0d503e138a4c123b27490a4f7beda6a01c6f288df0e4a8b79c7eb0dc7b4cc08"},
    {file = "pathspec-0.12.1.tar.gz", hash = "sha256:a482d51503a1ab33b1c67a6c3813a26953dbdc71c31dacaef9a838c4e29f5712"},
]

[[package]]
name = "platformdirs"
version = "4.2.2"
description = "A small Python package for determining appropriate platform-specific dirs, e.g. a `user data dir`."
optional = false
python-versions = ">=3.8"
files = [
    {file = "platformdirs-4.2.2-py3-none-any.whl", hash = "sha256:2d7a1657e36a80ea911db832a8a6ece5ee53d8de21edd5cc5879af6530b1bfee"},
    {file = "platformdirs-4.2.2.tar.gz", hash = "sha256:38b7b51f512eed9e84a22788b4bce1de17c0adb134d6becb09836e37d8654cd3"},
]

[package.extras]
docs = ["furo (>=2023.9.10)", "proselint (>=0.13)", "sphinx (>=7.2.6)", "sphinx-autodoc-typehints (>=1.25.2)"]
test = ["appdirs (==1.4.4)", "covdefaults (>=2.3)", "pytest (>=7.4.3)", "pytest-cov (>=4.1)", "pytest-mock (>=3.12)"]
type = ["mypy (>=1.8)"]

[[package]]
name = "poethepoet"
version = "0.27.0"
description = "A task runner that works well with poetry."
optional = false
python-versions = ">=3.8"
files = [
    {file = "poethepoet-0.27.0-py3-none-any.whl", hash = "sha256:0032d980a623b96e26dc7450ae200b0998be523f27d297d799b97510fe252a24"},
    {file = "poethepoet-0.27.0.tar.gz", hash = "sha256:907ab4dc1bc6326be5a3b10d2aa39d1acc0ca12024317d9506fbe9c0cdc912c9"},
]

[package.dependencies]
pastel = ">=0.2.1,<0.3.0"
tomli = ">=1.2.2"

[package.extras]
poetry-plugin = ["poetry (>=1.0,<2.0)"]

[[package]]
name = "pygments"
version = "2.18.0"
description = "Pygments is a syntax highlighting package written in Python."
optional = false
python-versions = ">=3.8"
files = [
    {file = "pygments-2.18.0-py3-none-any.whl", hash = "sha256:b8e6aca0523f3ab76fee51799c488e38782ac06eafcf95e7ba832985c8e7b13a"},
    {file = "pygments-2.18.0.tar.gz", hash = "sha256:786ff802f32e91311bff3889f6e9a86e81505fe99f2735bb6d60ae0c5004f199"},
]

[package.extras]
windows-terminal = ["colorama (>=0.4.6)"]

[[package]]
name = "pyyaml"
version = "6.0.1"
description = "YAML parser and emitter for Python"
optional = false
python-versions = ">=3.6"
files = [
    {file = "PyYAML-6.0.1-cp310-cp310-macosx_10_9_x86_64.whl", hash = "sha256:d858aa552c999bc8a8d57426ed01e40bef403cd8ccdd0fc5f6f04a00414cac2a"},
    {file = "PyYAML-6.0.1-cp310-cp310-macosx_11_0_arm64.whl", hash = "sha256:fd66fc5d0da6d9815ba2cebeb4205f95818ff4b79c3ebe268e75d961704af52f"},
    {file = "PyYAML-6.0.1-cp310-cp310-manylinux_2_17_aarch64.manylinux2014_aarch64.whl", hash = "sha256:69b023b2b4daa7548bcfbd4aa3da05b3a74b772db9e23b982788168117739938"},
    {file = "PyYAML-6.0.1-cp310-cp310-manylinux_2_17_s390x.manylinux2014_s390x.whl", hash = "sha256:81e0b275a9ecc9c0c0c07b4b90ba548307583c125f54d5b6946cfee6360c733d"},
    {file = "PyYAML-6.0.1-cp310-cp310-manylinux_2_17_x86_64.manylinux2014_x86_64.whl", hash = "sha256:ba336e390cd8e4d1739f42dfe9bb83a3cc2e80f567d8805e11b46f4a943f5515"},
    {file = "PyYAML-6.0.1-cp310-cp310-musllinux_1_1_x86_64.whl", hash = "sha256:326c013efe8048858a6d312ddd31d56e468118ad4cdeda36c719bf5bb6192290"},
    {file = "PyYAML-6.0.1-cp310-cp310-win32.whl", hash = "sha256:bd4af7373a854424dabd882decdc5579653d7868b8fb26dc7d0e99f823aa5924"},
    {file = "PyYAML-6.0.1-cp310-cp310-win_amd64.whl", hash = "sha256:fd1592b3fdf65fff2ad0004b5e363300ef59ced41c2e6b3a99d4089fa8c5435d"},
    {file = "PyYAML-6.0.1-cp311-cp311-macosx_10_9_x86_64.whl", hash = "sha256:6965a7bc3cf88e5a1c3bd2e0b5c22f8d677dc88a455344035f03399034eb3007"},
    {file = "PyYAML-6.0.1-cp311-cp311-macosx_11_0_arm64.whl", hash = "sha256:f003ed9ad21d6a4713f0a9b5a7a0a79e08dd0f221aff4525a2be4c346ee60aab"},
    {file = "PyYAML-6.0.1-cp311-cp311-manylinux_2_17_aarch64.manylinux2014_aarch64.whl", hash = "sha256:42f8152b8dbc4fe7d96729ec2b99c7097d656dc1213a3229ca5383f973a5ed6d"},
    {file = "PyYAML-6.0.1-cp311-cp311-manylinux_2_17_s390x.manylinux2014_s390x.whl", hash = "sha256:062582fca9fabdd2c8b54a3ef1c978d786e0f6b3a1510e0ac93ef59e0ddae2bc"},
    {file = "PyYAML-6.0.1-cp311-cp311-manylinux_2_17_x86_64.manylinux2014_x86_64.whl", hash = "sha256:d2b04aac4d386b172d5b9692e2d2da8de7bfb6c387fa4f801fbf6fb2e6ba4673"},
    {file = "PyYAML-6.0.1-cp311-cp311-musllinux_1_1_x86_64.whl", hash = "sha256:e7d73685e87afe9f3b36c799222440d6cf362062f78be1013661b00c5c6f678b"},
    {file = "PyYAML-6.0.1-cp311-cp311-win32.whl", hash = "sha256:1635fd110e8d85d55237ab316b5b011de701ea0f29d07611174a1b42f1444741"},
    {file = "PyYAML-6.0.1-cp311-cp311-win_amd64.whl", hash = "sha256:bf07ee2fef7014951eeb99f56f39c9bb4af143d8aa3c21b1677805985307da34"},
    {file = "PyYAML-6.0.1-cp312-cp312-macosx_10_9_x86_64.whl", hash = "sha256:855fb52b0dc35af121542a76b9a84f8d1cd886ea97c84703eaa6d88e37a2ad28"},
    {file = "PyYAML-6.0.1-cp312-cp312-macosx_11_0_arm64.whl", hash = "sha256:40df9b996c2b73138957fe23a16a4f0ba614f4c0efce1e9406a184b6d07fa3a9"},
    {file = "PyYAML-6.0.1-cp312-cp312-manylinux_2_17_aarch64.manylinux2014_aarch64.whl", hash = "sha256:a08c6f0fe150303c1c6b71ebcd7213c2858041a7e01975da3a99aed1e7a378ef"},
    {file = "PyYAML-6.0.1-cp312-cp312-manylinux_2_17_x86_64.manylinux2014_x86_64.whl", hash = "sha256:6c22bec3fbe2524cde73d7ada88f6566758a8f7227bfbf93a408a9d86bcc12a0"},
    {file = "PyYAML-6.0.1-cp312-cp312-musllinux_1_1_x86_64.whl", hash = "sha256:8d4e9c88387b0f5c7d5f281e55304de64cf7f9c0021a3525bd3b1c542da3b0e4"},
    {file = "PyYAML-6.0.1-cp312-cp312-win32.whl", hash = "sha256:d483d2cdf104e7c9fa60c544d92981f12ad66a457afae824d146093b8c294c54"},
    {file = "PyYAML-6.0.1-cp312-cp312-win_amd64.whl", hash = "sha256:0d3304d8c0adc42be59c5f8a4d9e3d7379e6955ad754aa9d6ab7a398b59dd1df"},
    {file = "PyYAML-6.0.1-cp36-cp36m-macosx_10_9_x86_64.whl", hash = "sha256:50550eb667afee136e9a77d6dc71ae76a44df8b3e51e41b77f6de2932bfe0f47"},
    {file = "PyYAML-6.0.1-cp36-cp36m-manylinux_2_17_aarch64.manylinux2014_aarch64.whl", hash = "sha256:1fe35611261b29bd1de0070f0b2f47cb6ff71fa6595c077e42bd0c419fa27b98"},
    {file = "PyYAML-6.0.1-cp36-cp36m-manylinux_2_17_s390x.manylinux2014_s390x.whl", hash = "sha256:704219a11b772aea0d8ecd7058d0082713c3562b4e271b849ad7dc4a5c90c13c"},
    {file = "PyYAML-6.0.1-cp36-cp36m-manylinux_2_17_x86_64.manylinux2014_x86_64.whl", hash = "sha256:afd7e57eddb1a54f0f1a974bc4391af8bcce0b444685d936840f125cf046d5bd"},
    {file = "PyYAML-6.0.1-cp36-cp36m-win32.whl", hash = "sha256:fca0e3a251908a499833aa292323f32437106001d436eca0e6e7833256674585"},
    {file = "PyYAML-6.0.1-cp36-cp36m-win_amd64.whl", hash = "sha256:f22ac1c3cac4dbc50079e965eba2c1058622631e526bd9afd45fedd49ba781fa"},
    {file = "PyYAML-6.0.1-cp37-cp37m-macosx_10_9_x86_64.whl", hash = "sha256:b1275ad35a5d18c62a7220633c913e1b42d44b46ee12554e5fd39c70a243d6a3"},
    {file = "PyYAML-6.0.1-cp37-cp37m-manylinux_2_17_aarch64.manylinux2014_aarch64.whl", hash = "sha256:18aeb1bf9a78867dc38b259769503436b7c72f7a1f1f4c93ff9a17de54319b27"},
    {file = "PyYAML-6.0.1-cp37-cp37m-manylinux_2_17_s390x.manylinux2014_s390x.whl", hash = "sha256:596106435fa6ad000c2991a98fa58eeb8656ef2325d7e158344fb33864ed87e3"},
    {file = "PyYAML-6.0.1-cp37-cp37m-manylinux_2_17_x86_64.manylinux2014_x86_64.whl", hash = "sha256:baa90d3f661d43131ca170712d903e6295d1f7a0f595074f151c0aed377c9b9c"},
    {file = "PyYAML-6.0.1-cp37-cp37m-win32.whl", hash = "sha256:9046c58c4395dff28dd494285c82ba00b546adfc7ef001486fbf0324bc174fba"},
    {file = "PyYAML-6.0.1-cp37-cp37m-win_amd64.whl", hash = "sha256:4fb147e7a67ef577a588a0e2c17b6db51dda102c71de36f8549b6816a96e1867"},
    {file = "PyYAML-6.0.1-cp38-cp38-macosx_10_9_x86_64.whl", hash = "sha256:1d4c7e777c441b20e32f52bd377e0c409713e8bb1386e1099c2415f26e479595"},
    {file = "PyYAML-6.0.1-cp38-cp38-manylinux_2_17_aarch64.manylinux2014_aarch64.whl", hash = "sha256:a0cd17c15d3bb3fa06978b4e8958dcdc6e0174ccea823003a106c7d4d7899ac5"},
    {file = "PyYAML-6.0.1-cp38-cp38-manylinux_2_17_s390x.manylinux2014_s390x.whl", hash = "sha256:28c119d996beec18c05208a8bd78cbe4007878c6dd15091efb73a30e90539696"},
    {file = "PyYAML-6.0.1-cp38-cp38-manylinux_2_17_x86_64.manylinux2014_x86_64.whl", hash = "sha256:7e07cbde391ba96ab58e532ff4803f79c4129397514e1413a7dc761ccd755735"},
    {file = "PyYAML-6.0.1-cp38-cp38-musllinux_1_1_x86_64.whl", hash = "sha256:49a183be227561de579b4a36efbb21b3eab9651dd81b1858589f796549873dd6"},
    {file = "PyYAML-6.0.1-cp38-cp38-win32.whl", hash = "sha256:184c5108a2aca3c5b3d3bf9395d50893a7ab82a38004c8f61c258d4428e80206"},
    {file = "PyYAML-6.0.1-cp38-cp38-win_amd64.whl", hash = "sha256:1e2722cc9fbb45d9b87631ac70924c11d3a401b2d7f410cc0e3bbf249f2dca62"},
    {file = "PyYAML-6.0.1-cp39-cp39-macosx_10_9_x86_64.whl", hash = "sha256:9eb6caa9a297fc2c2fb8862bc5370d0303ddba53ba97e71f08023b6cd73d16a8"},
    {file = "PyYAML-6.0.1-cp39-cp39-macosx_11_0_arm64.whl", hash = "sha256:c8098ddcc2a85b61647b2590f825f3db38891662cfc2fc776415143f599bb859"},
    {file = "PyYAML-6.0.1-cp39-cp39-manylinux_2_17_aarch64.manylinux2014_aarch64.whl", hash = "sha256:5773183b6446b2c99bb77e77595dd486303b4faab2b086e7b17bc6bef28865f6"},
    {file = "PyYAML-6.0.1-cp39-cp39-manylinux_2_17_s390x.manylinux2014_s390x.whl", hash = "sha256:b786eecbdf8499b9ca1d697215862083bd6d2a99965554781d0d8d1ad31e13a0"},
    {file = "PyYAML-6.0.1-cp39-cp39-manylinux_2_17_x86_64.manylinux2014_x86_64.whl", hash = "sha256:bc1bf2925a1ecd43da378f4db9e4f799775d6367bdb94671027b73b393a7c42c"},
    {file = "PyYAML-6.0.1-cp39-cp39-musllinux_1_1_x86_64.whl", hash = "sha256:04ac92ad1925b2cff1db0cfebffb6ffc43457495c9b3c39d3fcae417d7125dc5"},
    {file = "PyYAML-6.0.1-cp39-cp39-win32.whl", hash = "sha256:faca3bdcf85b2fc05d06ff3fbc1f83e1391b3e724afa3feba7d13eeab355484c"},
    {file = "PyYAML-6.0.1-cp39-cp39-win_amd64.whl", hash = "sha256:510c9deebc5c0225e8c96813043e62b680ba2f9c50a08d3724c7f28a747d1486"},
    {file = "PyYAML-6.0.1.tar.gz", hash = "sha256:bfdf460b1736c775f2ba9f6a92bca30bc2095067b8a9d77876d1fad6cc3b4a43"},
]

[[package]]
name = "selectolax"
version = "0.3.21"
description = "Fast HTML5 parser with CSS selectors."
optional = false
python-versions = "*"
files = [
    {file = "selectolax-0.3.21-cp310-cp310-macosx_10_9_universal2.whl", hash = "sha256:7be91179992b9f2da6bca64b9e853b0a89582c6ea8c8efa89be956409c2df03c"},
    {file = "selectolax-0.3.21-cp310-cp310-macosx_10_9_x86_64.whl", hash = "sha256:635714e93669b04c96fefa97ce6dbd4bd1a64970854e6be857a43b1a7826039a"},
    {file = "selectolax-0.3.21-cp310-cp310-manylinux_2_17_aarch64.manylinux2014_aarch64.whl", hash = "sha256:652fc8fc0432979fa5d17de715ea9183bef5255875868fb4e273c999c57c82dc"},
    {file = "selectolax-0.3.21-cp310-cp310-manylinux_2_17_x86_64.manylinux2014_x86_64.whl", hash = "sha256:00160ecbc94604ef98e162627a56ea0fd76940580dbe291371a618dd3fe0fff4"},
    {file = "selectolax-0.3.21-cp310-cp310-manylinux_2_5_i686.manylinux1_i686.manylinux_2_17_i686.manylinux2014_i686.whl", hash = "sha256:8dbbd5c3a6070665d5956fd49fe1c4b6008179a3ce6e5dcf7c22276697b9674c"},
    {file = "selectolax-0.3.21-cp310-cp310-musllinux_1_1_aarch64.whl", hash = "sha256:e6de18a9dfbbc623fd5089666e60b3468d803d70aa594c5bee00d70a5c33cada"},
    {file = "selectolax-0.3.21-cp310-cp310-musllinux_1_1_i686.whl", hash = "sha256:a41ce2b035c7fed60dd54dedcc4c153fdc82970f873bed02966b9abf8559aa67"},
    {file = "selectolax-0.3.21-cp310-cp310-musllinux_1_1_x86_64.whl", hash = "sha256:b817137ca58dccc4770d1df41fd674c1061c0f810ca46c8afda5c3146590a6b3"},
    {file = "selectolax-0.3.21-cp310-cp310-win32.whl", hash = "sha256:0809bcecadea894e0c77654ac814bc92d58cbbc4c93892408fe49d078a312974"},
    {file = "selectolax-0.3.21-cp310-cp310-win_amd64.whl", hash = "sha256:2c0687054a9d8408c6cb748839471235b62df07bd9a6d8ebca576337218300c6"},
    {file = "selectolax-0.3.21-cp311-cp311-macosx_10_9_universal2.whl", hash = "sha256:5d28c82c601f1b28b1f3d7bd7f75c319682d777c11f2a49520edf6361dbe6d89"},
    {file = "selectolax-0.3.21-cp311-cp311-macosx_10_9_x86_64.whl", hash = "sha256:5c52cd8a6048a0837694c59ed5a6c33f9e48312a8f7f4db99c09c2a890a59466"},
    {file = "selectolax-0.3.21-cp311-cp311-manylinux_2_17_aarch64.manylinux2014_aarch64.whl", hash = "sha256:712eaeec13136d6d0a0fce8494b538838d6a424c5a1c8fc865b524b3b8d17d33"},
    {file = "selectolax-0.3.21-cp311-cp311-manylinux_2_17_x86_64.manylinux2014_x86_64.whl", hash = "sha256:cce7dead273370c572797b36bdf55c8a57f3232334555864f3e8c5c2bcfae8e0"},
    {file = "selectolax-0.3.21-cp311-cp311-manylinux_2_5_i686.manylinux1_i686.manylinux_2_17_i686.manylinux2014_i686.whl", hash = "sha256:58ed7fba0fd763f7505200fa0b26d896c0dbef2eabdd0a240f0c4abbaf583925"},
    {file = "selectolax-0.3.21-cp311-cp311-musllinux_1_1_aarch64.whl", hash = "sha256:09feb7b9bea4855ead57f4954fe4f2515d4e7c04e38eb58f4be494188b7467a1"},
    {file = "selectolax-0.3.21-cp311-cp311-musllinux_1_1_i686.whl", hash = "sha256:e2dbc29a1b990c75e143bc0ed1a2ac7c4f995584cedf9418af1284ed19978d75"},
    {file = "selectolax-0.3.21-cp311-cp311-musllinux_1_1_x86_64.whl", hash = "sha256:d484f88e15c0ce0b00a98f347632de2b32a39acee7f519b86fe75cf0c2f7cf94"},
    {file = "selectolax-0.3.21-cp311-cp311-win32.whl", hash = "sha256:420eeb44bb7391731472305a2100b7300a5afc815f245c1c786e977b4d721ee0"},
    {file = "selectolax-0.3.21-cp311-cp311-win_amd64.whl", hash = "sha256:687fad57c17c04ef744f6689cc68d29fc4029b0dad8a7e26cdac4b81e8fafb74"},
    {file = "selectolax-0.3.21-cp312-cp312-macosx_10_9_universal2.whl", hash = "sha256:f07fe837da86fcfe7223652c311f55f2062923ad9fbe12142cf8d948539a35a0"},
    {file = "selectolax-0.3.21-cp312-cp312-macosx_10_9_x86_64.whl", hash = "sha256:2a3bdb30f63ac192058070190af887b05e15a0c45d082a86fdd38af96b65a6e0"},
    {file = "selectolax-0.3.21-cp312-cp312-manylinux_2_17_aarch64.manylinux2014_aarch64.whl", hash = "sha256:ec7950fde98c1731b1cb4e2e396cfc177cdfe98dbd9f8d04748a75f1dcaff5c5"},
    {file = "selectolax-0.3.21-cp312-cp312-manylinux_2_17_x86_64.manylinux2014_x86_64.whl", hash = "sha256:72e0dc806998f2108e65bbaf1f4a1d2a5079a9fc6c4ee848d3da2cbacef47d8c"},
    {file = "selectolax-0.3.21-cp312-cp312-manylinux_2_5_i686.manylinux1_i686.manylinux_2_17_i686.manylinux2014_i686.whl", hash = "sha256:335bb8ffc6d49bf46f8299bdcb415b039674ebfe86ffd4826a132f810ae31e51"},
    {file = "selectolax-0.3.21-cp312-cp312-musllinux_1_1_aarch64.whl", hash = "sha256:c5055b97b29e1357a836beab2799691660d5aa4d33805ce7a1e4fd73ecdfdff4"},
    {file = "selectolax-0.3.21-cp312-cp312-musllinux_1_1_i686.whl", hash = "sha256:5a56ce8b48c9f6cadbaa7aaa2364bdc6eb90bff5acfda7a8b82c815d99598a7b"},
    {file = "selectolax-0.3.21-cp312-cp312-musllinux_1_1_x86_64.whl", hash = "sha256:f7bc18ad43633377defc013589e386a30af8695828bbe2c7f711c8ee8a9ca812"},
    {file = "selectolax-0.3.21-cp312-cp312-win32.whl", hash = "sha256:0561b8675fb562198d760bbf904d46e751172f8e5040d57121d65039a9acd21c"},
    {file = "selectolax-0.3.21-cp312-cp312-win_amd64.whl", hash = "sha256:d38fc69f3c4b06f233e07adbca0e3d58aecc3cdb3d9a72436f64fc0c6d8fa30f"},
    {file = "selectolax-0.3.21-cp37-cp37m-macosx_10_9_x86_64.whl", hash = "sha256:79c203a4bdd7642f5b986a8ec121606f01d8a6496c7a2550621bec67a7470221"},
    {file = "selectolax-0.3.21-cp37-cp37m-manylinux_2_17_x86_64.manylinux2014_x86_64.whl", hash = "sha256:f0d2fec2ee41b1d7cf146970b09ad04d0ddeaf9947bd55cd4504a38b7bc6322b"},
    {file = "selectolax-0.3.21-cp37-cp37m-manylinux_2_5_i686.manylinux1_i686.manylinux_2_17_i686.manylinux2014_i686.whl", hash = "sha256:e642adf208b20b3887bfca8e249867b0441bdd238eda026e17c523d3fc30500b"},
    {file = "selectolax-0.3.21-cp37-cp37m-musllinux_1_1_i686.whl", hash = "sha256:54efd47eaea31b89c955a93383f4eb6d975abdb445e6721f9a49ca2141f385b0"},
    {file = "selectolax-0.3.21-cp37-cp37m-musllinux_1_1_x86_64.whl", hash = "sha256:462ac9bffcea5c34ab4d9f6720916deec3edbb45669ccd3257d930a330d55419"},
    {file = "selectolax-0.3.21-cp37-cp37m-win32.whl", hash = "sha256:8b3700ca92b288442cd29cc499c9f0deff317c413dbb274ea08a8b4a02e0258f"},
    {file = "selectolax-0.3.21-cp37-cp37m-win_amd64.whl", hash = "sha256:c60d2ec8285b242f799ec7de8b6d7dda987f05de2a5012f64fce0ce4fd645b3b"},
    {file = "selectolax-0.3.21-cp38-cp38-macosx_10_9_universal2.whl", hash = "sha256:d1a4842818e5659cb753f2f1d49885497680e0904fdd3db4eb97771cc241ef2d"},
    {file = "selectolax-0.3.21-cp38-cp38-macosx_10_9_x86_64.whl", hash = "sha256:9a38ce752404e399e45f5978b64a58fdea09e8b4647beea7c014b3602f7ed5f0"},
    {file = "selectolax-0.3.21-cp38-cp38-manylinux_2_17_x86_64.manylinux2014_x86_64.whl", hash = "sha256:5851c23585618ae7ff24ba4c8a718d0c5e027523b3c0f62e74047b9e385339aa"},
    {file = "selectolax-0.3.21-cp38-cp38-manylinux_2_5_i686.manylinux1_i686.manylinux_2_17_i686.manylinux2014_i686.whl", hash = "sha256:1e3ec204cc3819a1fa8fdfde99cc1c65793d954bca9f6e4e7007267951c15b38"},
    {file = "selectolax-0.3.21-cp38-cp38-musllinux_1_1_i686.whl", hash = "sha256:a3c6a39b00cf27dcb9e4644ef6e729cd43d9c20e928acecaa118045bcc9a166f"},
    {file = "selectolax-0.3.21-cp38-cp38-musllinux_1_1_x86_64.whl", hash = "sha256:ca5ffd105762c61c6300562036f7d9d90dce007a32b4bd8ee2a33fb7399e0fdc"},
    {file = "selectolax-0.3.21-cp38-cp38-win32.whl", hash = "sha256:a802e3b630cb55d92fe5aee8091e7b337fbe4f67872dde936912ffc9d149ee4a"},
    {file = "selectolax-0.3.21-cp38-cp38-win_amd64.whl", hash = "sha256:636711ed17609b0f6c120ac147bdffd7960b57c14f52746ea8b3ceb549fa4622"},
    {file = "selectolax-0.3.21-cp39-cp39-macosx_10_9_universal2.whl", hash = "sha256:7a04e9cf87f9bcdd6418e0462e8a190a5567c33989966257433da7cd8cc907c4"},
    {file = "selectolax-0.3.21-cp39-cp39-macosx_10_9_x86_64.whl", hash = "sha256:ae41d1d5eaabf94548c64bee4652c16a7b66e41398522626f006d70522f1f5f2"},
    {file = "selectolax-0.3.21-cp39-cp39-manylinux_2_17_aarch64.manylinux2014_aarch64.whl", hash = "sha256:eeca4492ee12b4e873437531df3d858b6970f1dd8c0c2c88fa99281735e864a6"},
    {file = "selectolax-0.3.21-cp39-cp39-manylinux_2_17_x86_64.manylinux2014_x86_64.whl", hash = "sha256:57904e1b22b8257ea4d8bda090321cd23d4e00595a257bb74500bf42701b7120"},
    {file = "selectolax-0.3.21-cp39-cp39-manylinux_2_5_i686.manylinux1_i686.manylinux_2_17_i686.manylinux2014_i686.whl", hash = "sha256:252881a79f354efb355db8dac1aa2022068b5faa5d6d0e8dd384bb79b2480e96"},
    {file = "selectolax-0.3.21-cp39-cp39-musllinux_1_1_aarch64.whl", hash = "sha256:79f99c273f0f0d06763d786c9fc67a763e3176e85b60e3e2bddb9f6b53380771"},
    {file = "selectolax-0.3.21-cp39-cp39-musllinux_1_1_i686.whl", hash = "sha256:55c52a40df576a355b6a7b580b779efe98cf8b603a23709c556e000eee0875f5"},
    {file = "selectolax-0.3.21-cp39-cp39-musllinux_1_1_x86_64.whl", hash = "sha256:c3d309b7c47cbf53a6655ce74e0bffd076b67b990bd2941487f368584048d48c"},
    {file = "selectolax-0.3.21-cp39-cp39-win32.whl", hash = "sha256:7f12f7c2091ce7ef302e4c70ace4273551bee3ccfeacf708e786eb6114e97104"},
    {file = "selectolax-0.3.21-cp39-cp39-win_amd64.whl", hash = "sha256:b2cc8d49da1cf06c6052508d052e425a544dbbffd4ea137cc9ec522d3560c32d"},
    {file = "selectolax-0.3.21.tar.gz", hash = "sha256:cdf532c0fbad04be1b94bcfbf373df1e1b09edfe9015c9a13fb00291bee8379e"},
]

[package.extras]
cython = ["Cython (==0.29.36)"]

[[package]]
name = "six"
version = "1.16.0"
description = "Python 2 and 3 compatibility utilities"
optional = false
python-versions = ">=2.7, !=3.0.*, !=3.1.*, !=3.2.*"
files = [
    {file = "six-1.16.0-py2.py3-none-any.whl", hash = "sha256:8abb2f1d86890a2dfb989f9a77cfcfd3e47c2a354b01111771326f8aa26e0254"},
    {file = "six-1.16.0.tar.gz", hash = "sha256:1e61c37477a1626458e36f7b1d82aa5c9b094fa4802892072e49de9c60c4c926"},
]

[[package]]
name = "sqlparse"
version = "0.5.0"
description = "A non-validating SQL parser."
optional = false
python-versions = ">=3.8"
files = [
    {file = "sqlparse-0.5.0-py3-none-any.whl", hash = "sha256:c204494cd97479d0e39f28c93d46c0b2d5959c7b9ab904762ea6c7af211c8663"},
    {file = "sqlparse-0.5.0.tar.gz", hash = "sha256:714d0a4932c059d16189f58ef5411ec2287a4360f17cdd0edd2d09d4c5087c93"},
]

[package.extras]
dev = ["build", "hatch"]
doc = ["sphinx"]

[[package]]
name = "svgwrite"
version = "1.4.3"
description = "A Python library to create SVG drawings."
optional = false
python-versions = ">=3.6"
files = [
    {file = "svgwrite-1.4.3-py3-none-any.whl", hash = "sha256:bb6b2b5450f1edbfa597d924f9ac2dd099e625562e492021d7dd614f65f8a22d"},
    {file = "svgwrite-1.4.3.zip", hash = "sha256:a8fbdfd4443302a6619a7f76bc937fc683daf2628d9b737c891ec08b8ce524c3"},
]

[[package]]
name = "tomli"
version = "2.0.1"
description = "A lil' TOML parser"
optional = false
python-versions = ">=3.7"
files = [
    {file = "tomli-2.0.1-py3-none-any.whl", hash = "sha256:939de3e7a6161af0c887ef91b7d41a53e7c5a1ca976325f429cb46ea9bc30ecc"},
    {file = "tomli-2.0.1.tar.gz", hash = "sha256:de526c12914f0c550d15924c62d72abc48d6fe7364aa87328337a31007fe8a4f"},
]

[[package]]
name = "tzdata"
version = "2024.1"
description = "Provider of IANA time zone data"
optional = false
python-versions = ">=2"
files = [
    {file = "tzdata-2024.1-py2.py3-none-any.whl", hash = "sha256:9068bc196136463f5245e51efda838afa15aaeca9903f49050dfa2679db4d252"},
    {file = "tzdata-2024.1.tar.gz", hash = "sha256:2674120f8d891909751c38abcdfd386ac0a5a1127954fbc332af6b5ceae07efd"},
]

[[package]]
name = "wavedrom"
version = "2.0.3.post3"
description = "WaveDrom compatible python command line"
optional = false
python-versions = "*"
files = [
    {file = "wavedrom-2.0.3.post3.tar.gz", hash = "sha256:327b4d5dca593c81257c202fea516f7a908747fb11527c359f034f5b7af7f47b"},
]

[package.dependencies]
pyyaml = "*"
six = "*"
svgwrite = "*"

[package.extras]
test = ["cairosvg", "pillow", "xmldiff"]

[metadata]
lock-version = "2.0"
python-versions = "^3.12"
content-hash = "b592ab371dec6fbcd6c5ac370d8263eb41a7e557353b84ef9d4e3ca47f072c80"
